
Microsoft Visual Studio Solution File, Format Version 12.00
# Visual Studio Version 16
VisualStudioVersion = 16.0.28803.156
MinimumVisualStudioVersion = 10.0.40219.1
Project("{FAE04EC0-301F-11D3-BF4B-00C04F79EFBC}") = "BDO_Universal_Dumper", "BDO_Universal_Dumper\BDO_Universal_Dumper.csproj", "{8D9DAC69-E10D-4948-A506-807E41D189F4}"
EndProject
Global
	GlobalSection(SolutionConfigurationPlatforms) = preSolution
		Debug|Any CPU = Debug|Any CPU
		Release|Any CPU = Release|Any CPU
	EndGlobalSection
	GlobalSection(ProjectConfigurationPlatforms) = postSolution
		{8D9DAC69-E10D-4948-A506-807E41D189F4}.Debug|Any CPU.ActiveCfg = Debug|Any CPU
		{8D9DAC69-E10D-4948-A506-807E41D189F4}.Debug|Any CPU.Build.0 = Debug|Any CPU
		{8D9DAC69-E10D-4948-A506-807E41D189F4}.Release|Any CPU.ActiveCfg = Release|Any CPU
		{8D9DAC69-E10D-4948-A506-807E41D189F4}.Release|Any CPU.Build.0 = Release|Any CPU
	EndGlobalSection
	GlobalSection(SolutionProperties) = preSolution
		HideSolutionNode = FALSE
	EndGlobalSection
	GlobalSection(ExtensibilityGlobals) = postSolution
		SolutionGuid = {CC839618-0EC4-4C88-A011-9C3DE538FCA4}
	EndGlobalSection
EndGlobal
